<Solution>
  <Folder Name="/Gateway/">
    <Project Path="src/Gateway/Faaz.Gateway/Faaz.Gateway.csproj" />
  </Folder>
  <Folder Name="/Services/Consultant/">
    <Project Path="src/Services/Consultant/Faaz.Services.Consultant.Domain/Faaz.Services.Consultant.Domain.csproj" />
    <Project Path="src/Services/Consultant/Faaz.Services.Consultant.Infrastructure/Faaz.Services.Consultant.Infrastructure.csproj" />
    <Project Path="src/Services/Consultant/Faaz.Services.Consultant.WebHost/Faaz.Services.Consultant.WebHost.csproj" />
  </Folder>
  <Folder Name="/Services/Identity/">
    <Project Path="src/Services/Identity/Faaz.Services.Identity.Domain/Faaz.Services.Identity.Domain.csproj" />
    <Project Path="src/Services/Identity/Faaz.Services.Identity.Infrastructure/Faaz.Services.Identity.Infrastructure.csproj" />
    <Project Path="src/Services/Identity/Faaz.Services.Identity.WebHost/Faaz.Services.Identity.WebHost.csproj" />
  </Folder>
  <Folder Name="/Services/Student/">
    <Project Path="src/Services/Student/Faaz.Services.Student.Domain/Faaz.Services.Student.Domain.csproj" />
    <Project Path="src/Services/Student/Faaz.Services.Student.Infrastructure/Faaz.Services.Student.Infrastructure.csproj" />
    <Project Path="src/Services/Student/Faaz.Services.Student.WebHost/Faaz.Services.Student.WebHost.csproj" />
  </Folder>
  <Folder Name="/Services/Notification/">
    <Project Path="src/Services/Notification/Faaz.Services.Notification.Domain/Faaz.Services.Notification.Domain.csproj" />
    <Project Path="src/Services/Notification/Faaz.Services.Notification.Infrastructure/Faaz.Services.Notification.Infrastructure.csproj" />
    <Project Path="src/Services/Notification/Faaz.Services.Notification.WebHost/Faaz.Services.Notification.WebHost.csproj" />
  </Folder>
  <Folder Name="/Services/Booking/">
    <Project Path="src/Services/Booking/Faaz.Services.Booking.Domain/Faaz.Services.Booking.Domain.csproj" />
    <Project Path="src/Services/Booking/Faaz.Services.Booking.Infrastructure/Faaz.Services.Booking.Infrastructure.csproj" />
    <Project Path="src/Services/Booking/Faaz.Services.Booking.WebHost/Faaz.Services.Booking.WebHost.csproj" />
  </Folder>
  <Folder Name="/Services/Payment/">
    <Project Path="src/Services/Payment/Faaz.Services.Payment.Domain/Faaz.Services.Payment.Domain.csproj" />
    <Project Path="src/Services/Payment/Faaz.Services.Payment.Infrastructure/Faaz.Services.Payment.Infrastructure.csproj" />
    <Project Path="src/Services/Payment/Faaz.Services.Payment.WebHost/Faaz.Services.Payment.WebHost.csproj" />
  </Folder>
  <Folder Name="/Services/Administration/">
    <Project Path="src/Services/Administration/Faaz.Services.Administration.Domain/Faaz.Services.Administration.Domain.csproj" />
    <Project Path="src/Services/Administration/Faaz.Services.Administration.Infrastructure/Faaz.Services.Administration.Infrastructure.csproj" />
    <Project Path="src/Services/Administration/Faaz.Services.Administration.WebHost/Faaz.Services.Administration.WebHost.csproj" />
  </Folder>
  <Folder Name="/Services/BackgroundJobs/">
    <Project Path="src/Services/BackgroundJobs/Faaz.Services.BackgroundJobs.WebHost/Faaz.Services.BackgroundJobs.WebHost.csproj" />
  </Folder>
  <Folder Name="/Shared/">
    <Project Path="src/Shared/Faaz.BuildingBlocks/Faaz.BuildingBlocks.csproj" />
    <Project Path="src/Shared/Faaz.SharedKernel/Faaz.SharedKernel.csproj" />
  </Folder>
  <Folder Name="/Tests/">
    <Project Path="tests/Faaz.Services.Identity.IntegrationTests/Faaz.Services.Identity.IntegrationTests.csproj" />
    <Project Path="tests/Faaz.Services.Booking.IntegrationTests/Faaz.Services.Booking.IntegrationTests.csproj" />
  </Folder>
</Solution>
